<Solution>
  <Folder Name="/src/">
    <Project Path="Dike.Identity.Api/Dike.Identity.Api.csproj" />
    <Project Path="Dike.Identity.Core/Dike.Identity.Core.csproj" />
    <Project Path="Dike.Identity.Providers.Cache/Dike.Identity.Providers.Cache.csproj" />
    <Project Path="Dike.Identity.Providers.Jwt/Dike.Identity.Providers.Jwt.csproj" />
    <Project Path="Dike.Identity.Providers.Security/Dike.Identity.Providers.Security.csproj" Id="f360ae7f-7fce-4675-b1ec-68f6416d3827" />
    <Project Path="DikeIdentity.Providers.Persistence/Dike.Identity.Providers.Persistence.csproj" />
  </Folder>
</Solution>
